
Microsoft Visual Studio Solution File, Format Version 12.00
# Visual Studio Version 17
VisualStudioVersion = 17.7.34009.444
MinimumVisualStudioVersion = 10.0.40219.1
Project("{FAE04EC0-301F-11D3-BF4B-00C04F79EFBC}") = "Pizza menu", "Pizza menu\Pizza menu.csproj", "{BA1C4221-8A22-4B34-9AB5-16AB566D85A6}"
EndProject
Global
	GlobalSection(SolutionConfigurationPlatforms) = preSolution
		Debug|Any CPU = Debug|Any CPU
		Release|Any CPU = Release|Any CPU
	EndGlobalSection
	GlobalSection(ProjectConfigurationPlatforms) = postSolution
		{BA1C4221-8A22-4B34-9AB5-16AB566D85A6}.Debug|Any CPU.ActiveCfg = Debug|Any CPU
		{BA1C4221-8A22-4B34-9AB5-16AB566D85A6}.Debug|Any CPU.Build.0 = Debug|Any CPU
		{BA1C4221-8A22-4B34-9AB5-16AB566D85A6}.Release|Any CPU.ActiveCfg = Release|Any CPU
		{BA1C4221-8A22-4B34-9AB5-16AB566D85A6}.Release|Any CPU.Build.0 = Release|Any CPU
	EndGlobalSection
	GlobalSection(SolutionProperties) = preSolution
		HideSolutionNode = FALSE
	EndGlobalSection
	GlobalSection(ExtensibilityGlobals) = postSolution
		SolutionGuid = {A814507E-663C-4E70-AEF3-066459E1BF3B}
	EndGlobalSection
EndGlobal
